
Microsoft Visual Studio Solution File, Format Version 12.00
# Visual Studio Version 16
VisualStudioVersion = 16.0.30711.63
MinimumVisualStudioVersion = 10.0.40219.1
Project("{FAE04EC0-301F-11D3-BF4B-00C04F79EFBC}") = "Gitune.Api", "Gitune.Api\Gitune.Api.csproj", "{19F12BA0-5D8A-4340-A954-C7E605081237}"
EndProject
Global
	GlobalSection(SolutionConfigurationPlatforms) = preSolution
		Debug|Any CPU = Debug|Any CPU
		Release|Any CPU = Release|Any CPU
	EndGlobalSection
	GlobalSection(ProjectConfigurationPlatforms) = postSolution
		{19F12BA0-5D8A-4340-A954-C7E605081237}.Debug|Any CPU.ActiveCfg = Debug|Any CPU
		{19F12BA0-5D8A-4340-A954-C7E605081237}.Debug|Any CPU.Build.0 = Debug|Any CPU
		{19F12BA0-5D8A-4340-A954-C7E605081237}.Release|Any CPU.ActiveCfg = Release|Any CPU
		{19F12BA0-5D8A-4340-A954-C7E605081237}.Release|Any CPU.Build.0 = Release|Any CPU
	EndGlobalSection
	GlobalSection(SolutionProperties) = preSolution
		HideSolutionNode = FALSE
	EndGlobalSection
	GlobalSection(ExtensibilityGlobals) = postSolution
		SolutionGuid = {A76DD617-1EAD-40E6-9EF7-DBD39F17CC66}
	EndGlobalSection
EndGlobal
